
Microsoft Visual Studio Solution File, Format Version 12.00
# Visual Studio Version 16
VisualStudioVersion = 16.0.31313.79
MinimumVisualStudioVersion = 10.0.40219.1
Project("{9A19103F-16F7-4668-BE54-9A1E7A4F7556}") = "API_Net_Core_Angular", "API_Net_Core_Angular\API_Net_Core_Angular.csproj", "{C13D1009-1C8D-4031-827A-0A45BAC682B1}"
EndProject
Project("{9A19103F-16F7-4668-BE54-9A1E7A4F7556}") = "Domain", "Domain\Domain.csproj", "{0424D71A-4D94-42BB-A7F4-37AC58D83B1D}"
EndProject
Project("{9A19103F-16F7-4668-BE54-9A1E7A4F7556}") = "DataAccess", "DataAccess\DataAccess.csproj", "{4D3BA093-27C1-4048-85AA-EC9622AF1736}"
EndProject
Global
	GlobalSection(SolutionConfigurationPlatforms) = preSolution
		Debug|Any CPU = Debug|Any CPU
		Release|Any CPU = Release|Any CPU
	EndGlobalSection
	GlobalSection(ProjectConfigurationPlatforms) = postSolution
		{C13D1009-1C8D-4031-827A-0A45BAC682B1}.Debug|Any CPU.ActiveCfg = Debug|Any CPU
		{C13D1009-1C8D-4031-827A-0A45BAC682B1}.Debug|Any CPU.Build.0 = Debug|Any CPU
		{C13D1009-1C8D-4031-827A-0A45BAC682B1}.Release|Any CPU.ActiveCfg = Release|Any CPU
		{C13D1009-1C8D-4031-827A-0A45BAC682B1}.Release|Any CPU.Build.0 = Release|Any CPU
		{0424D71A-4D94-42BB-A7F4-37AC58D83B1D}.Debug|Any CPU.ActiveCfg = Debug|Any CPU
		{0424D71A-4D94-42BB-A7F4-37AC58D83B1D}.Debug|Any CPU.Build.0 = Debug|Any CPU
		{0424D71A-4D94-42BB-A7F4-37AC58D83B1D}.Release|Any CPU.ActiveCfg = Release|Any CPU
		{0424D71A-4D94-42BB-A7F4-37AC58D83B1D}.Release|Any CPU.Build.0 = Release|Any CPU
		{4D3BA093-27C1-4048-85AA-EC9622AF1736}.Debug|Any CPU.ActiveCfg = Debug|Any CPU
		{4D3BA093-27C1-4048-85AA-EC9622AF1736}.Debug|Any CPU.Build.0 = Debug|Any CPU
		{4D3BA093-27C1-4048-85AA-EC9622AF1736}.Release|Any CPU.ActiveCfg = Release|Any CPU
		{4D3BA093-27C1-4048-85AA-EC9622AF1736}.Release|Any CPU.Build.0 = Release|Any CPU
	EndGlobalSection
	GlobalSection(SolutionProperties) = preSolution
		HideSolutionNode = FALSE
	EndGlobalSection
	GlobalSection(ExtensibilityGlobals) = postSolution
		SolutionGuid = {2DAE7FBB-0188-4A85-AE48-6B91FA81C70E}
	EndGlobalSection
EndGlobal
